// !$*UTF8*$!
{
	archiveVersion = 1;
	classes = {
	};
	objectVersion = 46;
	objects = {

/* Begin PBXBuildFile section */
		665027071BC50DF400892F45 /* AppDelegate.swift in Sources */ = {isa = PBXBuildFile; fileRef = 665027061BC50DF400892F45 /* AppDelegate.swift */; };
		665027091BC50DF400892F45 /* ViewController.swift in Sources */ = {isa = PBXBuildFile; fileRef = 665027081BC50DF400892F45 /* ViewController.swift */; };
		6650270C1BC50DF400892F45 /* Main.storyboard in Resources */ = {isa = PBXBuildFile; fileRef = 6650270A1BC50DF400892F45 /* Main.storyboard */; };
		6650270E1BC50DF400892F45 /* Assets.xcassets in Resources */ = {isa = PBXBuildFile; fileRef = 6650270D1BC50DF400892F45 /* Assets.xcassets */; };
		665027111BC50DF400892F45 /* LaunchScreen.storyboard in Resources */ = {isa = PBXBuildFile; fileRef = 6650270F1BC50DF400892F45 /* LaunchScreen.storyboard */; };
		665027201BC50EDC00892F45 /* CollectionCell.swift in Sources */ = {isa = PBXBuildFile; fileRef = 665027191BC50EDC00892F45 /* CollectionCell.swift */; };
		665027211BC50EDC00892F45 /* CollectionCell.xib in Resources */ = {isa = PBXBuildFile; fileRef = 6650271A1BC50EDC00892F45 /* CollectionCell.xib */; };
		665027221BC50EDC00892F45 /* CollectionView.swift in Sources */ = {isa = PBXBuildFile; fileRef = 6650271B1BC50EDC00892F45 /* CollectionView.swift */; };
		665027231BC50EDC00892F45 /* CollectionView.xib in Resources */ = {isa = PBXBuildFile; fileRef = 6650271C1BC50EDC00892F45 /* CollectionView.xib */; };
		665027241BC50EDC00892F45 /* TableCell.swift in Sources */ = {isa = PBXBuildFile; fileRef = 6650271D1BC50EDC00892F45 /* TableCell.swift */; };
		665027251BC50EDC00892F45 /* TableHeader.swift in Sources */ = {isa = PBXBuildFile; fileRef = 6650271E1BC50EDC00892F45 /* TableHeader.swift */; };
		665027261BC50EDC00892F45 /* TableHeader.xib in Resources */ = {isa = PBXBuildFile; fileRef = 6650271F1BC50EDC00892F45 /* TableHeader.xib */; };
		6650272A1BC512A400892F45 /* CollectionDataList.swift in Sources */ = {isa = PBXBuildFile; fileRef = 665027281BC512A400892F45 /* CollectionDataList.swift */; };
		6650272B1BC512A400892F45 /* TableDataList.swift in Sources */ = {isa = PBXBuildFile; fileRef = 665027291BC512A400892F45 /* TableDataList.swift */; };
		666B61CD1BFC70D700168D1A /* prin_nobi.png in Resources */ = {isa = PBXBuildFile; fileRef = 666B61CC1BFC70D700168D1A /* prin_nobi.png */; };
/* End PBXBuildFile section */

/* Begin PBXFileReference section */
		665027031BC50DF400892F45 /* LikeAppStoreApp.app */ = {isa = PBXFileReference; explicitFileType = wrapper.application; includeInIndex = 0; path = LikeAppStoreApp.app; sourceTree = BUILT_PRODUCTS_DIR; };
		665027061BC50DF400892F45 /* AppDelegate.swift */ = {isa = PBXFileReference; lastKnownFileType = sourcecode.swift; path = AppDelegate.swift; sourceTree = "<group>"; };
		665027081BC50DF400892F45 /* ViewController.swift */ = {isa = PBXFileReference; lastKnownFileType = sourcecode.swift; path = ViewController.swift; sourceTree = "<group>"; };
		6650270B1BC50DF400892F45 /* Base */ = {isa = PBXFileReference; lastKnownFileType = file.storyboard; name = Base; path = Base.lproj/Main.storyboard; sourceTree = "<group>"; };
		6650270D1BC50DF400892F45 /* Assets.xcassets */ = {isa = PBXFileReference; lastKnownFileType = folder.assetcatalog; path = Assets.xcassets; sourceTree = "<group>"; };
		665027101BC50DF400892F45 /* Base */ = {isa = PBXFileReference; lastKnownFileType = file.storyboard; name = Base; path = Base.lproj/LaunchScreen.storyboard; sourceTree = "<group>"; };
		665027121BC50DF400892F45 /* Info.plist */ = {isa = PBXFileReference; lastKnownFileType = text.plist.xml; path = Info.plist; sourceTree = "<group>"; };
		665027191BC50EDC00892F45 /* CollectionCell.swift */ = {isa = PBXFileReference; fileEncoding = 4; lastKnownFileType = sourcecode.swift; path = CollectionCell.swift; sourceTree = "<group>"; };
		6650271A1BC50EDC00892F45 /* CollectionCell.xib */ = {isa = PBXFileReference; fileEncoding = 4; lastKnownFileType = file.xib; path = CollectionCell.xib; sourceTree = "<group>"; };
		6650271B1BC50EDC00892F45 /* CollectionView.swift */ = {isa = PBXFileReference; fileEncoding = 4; lastKnownFileType = sourcecode.swift; path = CollectionView.swift; sourceTree = "<group>"; };
		6650271C1BC50EDC00892F45 /* CollectionView.xib */ = {isa = PBXFileReference; fileEncoding = 4; lastKnownFileType = file.xib; path = CollectionView.xib; sourceTree = "<group>"; };
		6650271D1BC50EDC00892F45 /* TableCell.swift */ = {isa = PBXFileReference; fileEncoding = 4; lastKnownFileType = sourcecode.swift; path = TableCell.swift; sourceTree = "<group>"; };
		6650271E1BC50EDC00892F45 /* TableHeader.swift */ = {isa = PBXFileReference; fileEncoding = 4; lastKnownFileType = sourcecode.swift; path = TableHeader.swift; sourceTree = "<group>"; };
		6650271F1BC50EDC00892F45 /* TableHeader.xib */ = {isa = PBXFileReference; fileEncoding = 4; lastKnownFileType = file.xib; path = TableHeader.xib; sourceTree = "<group>"; };
		665027281BC512A400892F45 /* CollectionDataList.swift */ = {isa = PBXFileReference; fileEncoding = 4; lastKnownFileType = sourcecode.swift; path = CollectionDataList.swift; sourceTree = "<group>"; };
		665027291BC512A400892F45 /* TableDataList.swift */ = {isa = PBXFileReference; fileEncoding = 4; lastKnownFileType = sourcecode.swift; path = TableDataList.swift; sourceTree = "<group>"; };
		666B61CC1BFC70D700168D1A /* prin_nobi.png */ = {isa = PBXFileReference; lastKnownFileType = image.png; name = prin_nobi.png; path = Resources/prin_nobi.png; sourceTree = "<group>"; };
/* End PBXFileReference section */

/* Begin PBXFrameworksBuildPhase section */
		665027001BC50DF400892F45 /* Frameworks */ = {
			isa = PBXFrameworksBuildPhase;
			buildActionMask = 2147483647;
			files = (
			);
			runOnlyForDeploymentPostprocessing = 0;
		};
/* End PBXFrameworksBuildPhase section */

/* Begin PBXGroup section */
		665026FA1BC50DF400892F45 = {
			isa = PBXGroup;
			children = (
				665027051BC50DF400892F45 /* LikeAppStoreApp */,
				665027041BC50DF400892F45 /* Products */,
			);
			sourceTree = "<group>";
		};
		665027041BC50DF400892F45 /* Products */ = {
			isa = PBXGroup;
			children = (
				665027031BC50DF400892F45 /* LikeAppStoreApp.app */,
			);
			name = Products;
			sourceTree = "<group>";
		};
		665027051BC50DF400892F45 /* LikeAppStoreApp */ = {
			isa = PBXGroup;
			children = (
				666B61CB1BFC707E00168D1A /* Resources */,
				665027271BC5123300892F45 /* Model */,
				665027181BC50E3200892F45 /* Components */,
				665027061BC50DF400892F45 /* AppDelegate.swift */,
				665027081BC50DF400892F45 /* ViewController.swift */,
				6650270A1BC50DF400892F45 /* Main.storyboard */,
				6650270D1BC50DF400892F45 /* Assets.xcassets */,
				6650270F1BC50DF400892F45 /* LaunchScreen.storyboard */,
				665027121BC50DF400892F45 /* Info.plist */,
			);
			path = LikeAppStoreApp;
			sourceTree = "<group>";
		};
		665027181BC50E3200892F45 /* Components */ = {
			isa = PBXGroup;
			children = (
				6650271D1BC50EDC00892F45 /* TableCell.swift */,
				6650271E1BC50EDC00892F45 /* TableHeader.swift */,
				6650271F1BC50EDC00892F45 /* TableHeader.xib */,
				6650271B1BC50EDC00892F45 /* CollectionView.swift */,
				6650271C1BC50EDC00892F45 /* CollectionView.xib */,
				665027191BC50EDC00892F45 /* CollectionCell.swift */,
				6650271A1BC50EDC00892F45 /* CollectionCell.xib */,
			);
			name = Components;
			sourceTree = "<group>";
		};
		665027271BC5123300892F45 /* Model */ = {
			isa = PBXGroup;
			children = (
				665027291BC512A400892F45 /* TableDataList.swift */,
				665027281BC512A400892F45 /* CollectionDataList.swift */,
			);
			name = Model;
			sourceTree = "<group>";
		};
		666B61CB1BFC707E00168D1A /* Resources */ = {
			isa = PBXGroup;
			children = (
				666B61CC1BFC70D700168D1A /* prin_nobi.png */,
			);
			name = Resources;
			sourceTree = "<group>";
		};
/* End PBXGroup section */

/* Begin PBXNativeTarget section */
		665027021BC50DF400892F45 /* LikeAppStoreApp */ = {
			isa = PBXNativeTarget;
			buildConfigurationList = 665027151BC50DF400892F45 /* Build configuration list for PBXNativeTarget "LikeAppStoreApp" */;
			buildPhases = (
				665026FF1BC50DF400892F45 /* Sources */,
				665027001BC50DF400892F45 /* Frameworks */,
				665027011BC50DF400892F45 /* Resources */,
			);
			buildRules = (
			);
			dependencies = (
			);
			name = LikeAppStoreApp;
			productName = LikeAppStoreApp;
			productReference = 665027031BC50DF400892F45 /* LikeAppStoreApp.app */;
			productType = "com.apple.product-type.application";
		};
/* End PBXNativeTarget section */

/* Begin PBXProject section */
		665026FB1BC50DF400892F45 /* Project object */ = {
			isa = PBXProject;
			attributes = {
				LastUpgradeCheck = 0700;
				ORGANIZATIONNAME = Fusic;
				TargetAttributes = {
					665027021BC50DF400892F45 = {
						CreatedOnToolsVersion = 7.0;
					};
				};
			};
			buildConfigurationList = 665026FE1BC50DF400892F45 /* Build configuration list for PBXProject "LikeAppStoreApp" */;
			compatibilityVersion = "Xcode 3.2";
			developmentRegion = English;
			hasScannedForEncodings = 0;
			knownRegions = (
				en,
				Base,
			);
			mainGroup = 665026FA1BC50DF400892F45;
			productRefGroup = 665027041BC50DF400892F45 /* Products */;
			projectDirPath = "";
			projectRoot = "";
			targets = (
				665027021BC50DF400892F45 /* LikeAppStoreApp */,
			);
		};
/* End PBXProject section */

/* Begin PBXResourcesBuildPhase section */
		665027011BC50DF400892F45 /* Resources */ = {
			isa = PBXResourcesBuildPhase;
			buildActionMask = 2147483647;
			files = (
				665027111BC50DF400892F45 /* LaunchScreen.storyboard in Resources */,
				665027231BC50EDC00892F45 /* CollectionView.xib in Resources */,
				6650270E1BC50DF400892F45 /* Assets.xcassets in Resources */,
				6650270C1BC50DF400892F45 /* Main.storyboard in Resources */,
				666B61CD1BFC70D700168D1A /* prin_nobi.png in Resources */,
				665027211BC50EDC00892F45 /* CollectionCell.xib in Resources */,
				665027261BC50EDC00892F45 /* TableHeader.xib in Resources */,
			);
			runOnlyForDeploymentPostprocessing = 0;
		};
/* End PBXResourcesBuildPhase section */

/* Begin PBXSourcesBuildPhase section */
		665026FF1BC50DF400892F45 /* Sources */ = {
			isa = PBXSourcesBuildPhase;
			buildActionMask = 2147483647;
			files = (
				665027241BC50EDC00892F45 /* TableCell.swift in Sources */,
				665027091BC50DF400892F45 /* ViewController.swift in Sources */,
				665027071BC50DF400892F45 /* AppDelegate.swift in Sources */,
				665027221BC50EDC00892F45 /* CollectionView.swift in Sources */,
				6650272B1BC512A400892F45 /* TableDataList.swift in Sources */,
				665027201BC50EDC00892F45 /* CollectionCell.swift in Sources */,
				665027251BC50EDC00892F45 /* TableHeader.swift in Sources */,
				6650272A1BC512A400892F45 /* CollectionDataList.swift in Sources */,
			);
			runOnlyForDeploymentPostprocessing = 0;
		};
/* End PBXSourcesBuildPhase section */

/* Begin PBXVariantGroup section */
		6650270A1BC50DF400892F45 /* Main.storyboard */ = {
			isa = PBXVariantGroup;
			children = (
				6650270B1BC50DF400892F45 /* Base */,
			);
			name = Main.storyboard;
			sourceTree = "<group>";
		};
		6650270F1BC50DF400892F45 /* LaunchScreen.storyboard */ = {
			isa = PBXVariantGroup;
			children = (
				665027101BC50DF400892F45 /* Base */,
			);
			name = LaunchScreen.storyboard;
			sourceTree = "<group>";
		};
/* End PBXVariantGroup section */

/* Begin XCBuildConfiguration section */
		665027131BC50DF400892F45 /* Debug */ = {
			isa = XCBuildConfiguration;
			buildSettings = {
				ALWAYS_SEARCH_USER_PATHS = NO;
				CLANG_CXX_LANGUAGE_STANDARD = "gnu++0x";
				CLANG_CXX_LIBRARY = "libc++";
				CLANG_ENABLE_MODULES = YES;
				CLANG_ENABLE_OBJC_ARC = YES;
				CLANG_WARN_BOOL_CONVERSION = YES;
				CLANG_WARN_CONSTANT_CONVERSION = YES;
				CLANG_WARN_DIRECT_OBJC_ISA_USAGE = YES_ERROR;
				CLANG_WARN_EMPTY_BODY = YES;
				CLANG_WARN_ENUM_CONVERSION = YES;
				CLANG_WARN_INT_CONVERSION = YES;
				CLANG_WARN_OBJC_ROOT_CLASS = YES_ERROR;
				CLANG_WARN_UNREACHABLE_CODE = YES;
				CLANG_WARN__DUPLICATE_METHOD_MATCH = YES;
				"CODE_SIGN_IDENTITY[sdk=iphoneos*]" = "iPhone Developer";
				COPY_PHASE_STRIP = NO;
				DEBUG_INFORMATION_FORMAT = dwarf;
				ENABLE_STRICT_OBJC_MSGSEND = YES;
				ENABLE_TESTABILITY = YES;
				GCC_C_LANGUAGE_STANDARD = gnu99;
				GCC_DYNAMIC_NO_PIC = NO;
				GCC_NO_COMMON_BLOCKS = YES;
				GCC_OPTIMIZATION_LEVEL = 0;
				GCC_PREPROCESSOR_DEFINITIONS = (
					"DEBUG=1",
					"$(inherited)",
				);
				GCC_WARN_64_TO_32_BIT_CONVERSION = YES;
				GCC_WARN_ABOUT_RETURN_TYPE = YES_ERROR;
				GCC_WARN_UNDECLARED_SELECTOR = YES;
				GCC_WARN_UNINITIALIZED_AUTOS = YES_AGGRESSIVE;
				GCC_WARN_UNUSED_FUNCTION = YES;
				GCC_WARN_UNUSED_VARIABLE = YES;
				IPHONEOS_DEPLOYMENT_TARGET = 9.0;
				MTL_ENABLE_DEBUG_INFO = YES;
				ONLY_ACTIVE_ARCH = YES;
				SDKROOT = iphoneos;
				SWIFT_OPTIMIZATION_LEVEL = "-Onone";
			};
			name = Debug;
		};
		665027141BC50DF400892F45 /* Release */ = {
			isa = XCBuildConfiguration;
			buildSettings = {
				ALWAYS_SEARCH_USER_PATHS = NO;
				CLANG_CXX_LANGUAGE_STANDARD = "gnu++0x";
				CLANG_CXX_LIBRARY = "libc++";
				CLANG_ENABLE_MODULES = YES;
				CLANG_ENABLE_OBJC_ARC = YES;
				CLANG_WARN_BOOL_CONVERSION = YES;
				CLANG_WARN_CONSTANT_CONVERSION = YES;
				CLANG_WARN_DIRECT_OBJC_ISA_USAGE = YES_ERROR;
				CLANG_WARN_EMPTY_BODY = YES;
				CLANG_WARN_ENUM_CONVERSION = YES;
				CLANG_WARN_INT_CONVERSION = YES;
				CLANG_WARN_OBJC_ROOT_CLASS = YES_ERROR;
				CLANG_WARN_UNREACHABLE_CODE = YES;
				CLANG_WARN__DUPLICATE_METHOD_MATCH = YES;
				"CODE_SIGN_IDENTITY[sdk=iphoneos*]" = "iPhone Developer";
				COPY_PHASE_STRIP = NO;
				DEBUG_INFORMATION_FORMAT = "dwarf-with-dsym";
				ENABLE_NS_ASSERTIONS = NO;
				ENABLE_STRICT_OBJC_MSGSEND = YES;
				GCC_C_LANGUAGE_STANDARD = gnu99;
				GCC_NO_COMMON_BLOCKS = YES;
				GCC_WARN_64_TO_32_BIT_CONVERSION = YES;
				GCC_WARN_ABOUT_RETURN_TYPE = YES_ERROR;
				GCC_WARN_UNDECLARED_SELECTOR = YES;
				GCC_WARN_UNINITIALIZED_AUTOS = YES_AGGRESSIVE;
				GCC_WARN_UNUSED_FUNCTION = YES;
				GCC_WARN_UNUSED_VARIABLE = YES;
				IPHONEOS_DEPLOYMENT_TARGET = 9.0;
				MTL_ENABLE_DEBUG_INFO = NO;
				SDKROOT = iphoneos;
				VALIDATE_PRODUCT = YES;
			};
			name = Release;
		};
		665027161BC50DF400892F45 /* Debug */ = {
			isa = XCBuildConfiguration;
			buildSettings = {
				ASSETCATALOG_COMPILER_APPICON_NAME = AppIcon;
				INFOPLIST_FILE = LikeAppStoreApp/Info.plist;
				LD_RUNPATH_SEARCH_PATHS = "$(inherited) @executable_path/Frameworks";
				PRODUCT_BUNDLE_IDENTIFIER = fusic.co.jp.LikeAppStoreApp;
				PRODUCT_NAME = "$(TARGET_NAME)";
			};
			name = Debug;
		};
		665027171BC50DF400892F45 /* Release */ = {
			isa = XCBuildConfiguration;
			buildSettings = {
				ASSETCATALOG_COMPILER_APPICON_NAME = AppIcon;
				INFOPLIST_FILE = LikeAppStoreApp/Info.plist;
				LD_RUNPATH_SEARCH_PATHS = "$(inherited) @executable_path/Frameworks";
				PRODUCT_BUNDLE_IDENTIFIER = fusic.co.jp.LikeAppStoreApp;
				PRODUCT_NAME = "$(TARGET_NAME)";
			};
			name = Release;
		};
/* End XCBuildConfiguration section */

/* Begin XCConfigurationList section */
		665026FE1BC50DF400892F45 /* Build configuration list for PBXProject "LikeAppStoreApp" */ = {
			isa = XCConfigurationList;
			buildConfigurations = (
				665027131BC50DF400892F45 /* Debug */,
				665027141BC50DF400892F45 /* Release */,
			);
			defaultConfigurationIsVisible = 0;
			defaultConfigurationName = Release;
		};
		665027151BC50DF400892F45 /* Build configuration list for PBXNativeTarget "LikeAppStoreApp" */ = {
			isa = XCConfigurationList;
			buildConfigurations = (
				665027161BC50DF400892F45 /* Debug */,
				665027171BC50DF400892F45 /* Release */,
			);
			defaultConfigurationIsVisible = 0;
			defaultConfigurationName = Release;
		};
/* End XCConfigurationList section */
	};
	rootObject = 665026FB1BC50DF400892F45 /* Project object */;
}
